schema: '2.0'
stages:
  train:
    cmd: source .env/bin/activate && python3 train.py
    deps:
    - path: data/train
      hash: md5
      md5: 43bbc1b86dd981c8ad10e61c40b1513f.dir
      size: 13579823
      nfiles: 117
    - path: params.yaml
      hash: md5
      md5: 151fd10638db68217240532f6bb82929
      size: 60
    - path: train.py
      hash: md5
      md5: d1b3366f91636752555ee447cf28d04c
      size: 2069
    params:
      params.yaml:
        batch_size: 16
        epochs: 5
        img_size: 128
        learning_rate: 0.001
    outs:
    - path: metrics.json
      hash: md5
      md5: 2699ec7daea81532fcc14d3bef804dd6
      size: 59
    - path: model.pth
      hash: md5
      md5: ef8a2bf7819e755ca0e4f963cf932c35
      size: 44780939
